
Microsoft Visual Studio Solution File, Format Version 12.00
# Visual Studio Version 16
VisualStudioVersion = 16.0.35130.168
MinimumVisualStudioVersion = 10.0.40219.1
Project("{FAE04EC0-301F-11D3-BF4B-00C04F79EFBC}") = "Automation.Common", "Automation.Common\Automation.Common.csproj", "{C1053B85-188D-44E1-AEA7-6F0E9057D38A}"
EndProject
Project("{FAE04EC0-301F-11D3-BF4B-00C04F79EFBC}") = "Automation.TestFramework", "Automation.TestFramework\Automation.TestFramework.csproj", "{3A3F42B9-1BFB-43A6-8D18-D9CA3EEE9F5B}"
EndProject
Global
	GlobalSection(SolutionConfigurationPlatforms) = preSolution
		Debug|Any CPU = Debug|Any CPU
		Release|Any CPU = Release|Any CPU
	EndGlobalSection
	GlobalSection(ProjectConfigurationPlatforms) = postSolution
		{C1053B85-188D-44E1-AEA7-6F0E9057D38A}.Debug|Any CPU.ActiveCfg = Debug|Any CPU
		{C1053B85-188D-44E1-AEA7-6F0E9057D38A}.Debug|Any CPU.Build.0 = Debug|Any CPU
		{C1053B85-188D-44E1-AEA7-6F0E9057D38A}.Release|Any CPU.ActiveCfg = Release|Any CPU
		{C1053B85-188D-44E1-AEA7-6F0E9057D38A}.Release|Any CPU.Build.0 = Release|Any CPU
		{3A3F42B9-1BFB-43A6-8D18-D9CA3EEE9F5B}.Debug|Any CPU.ActiveCfg = Debug|Any CPU
		{3A3F42B9-1BFB-43A6-8D18-D9CA3EEE9F5B}.Debug|Any CPU.Build.0 = Debug|Any CPU
		{3A3F42B9-1BFB-43A6-8D18-D9CA3EEE9F5B}.Release|Any CPU.ActiveCfg = Release|Any CPU
		{3A3F42B9-1BFB-43A6-8D18-D9CA3EEE9F5B}.Release|Any CPU.Build.0 = Release|Any CPU
	EndGlobalSection
	GlobalSection(SolutionProperties) = preSolution
		HideSolutionNode = FALSE
	EndGlobalSection
	GlobalSection(ExtensibilityGlobals) = postSolution
		SolutionGuid = {54A378A7-BDBD-4E25-B95D-98D6B242961A}
	EndGlobalSection
EndGlobal
